{
  "name": "stencil-dev",
  "version": "0.0.1",
  "lockfileVersion": 1,
  "requires": true,
  "dependencies": {
    "@types/node": {
      "version": "8.0.14",
      "resolved": "https://registry.npmjs.org/@types/node/-/node-8.0.14.tgz",
      "integrity": "sha512-lrtgE/5FeTdcuxgsDbLUIFJ33dTp4TkbKkTDZt/ueUMeqmGYqJRQd908q5Yj9EzzWSMonEhMr1q/CQlgVGEt4w==",
      "dev": true
    },
    "typescript": {
      "version": "2.4.1",
      "resolved": "https://registry.npmjs.org/typescript/-/typescript-2.4.1.tgz",
      "integrity": "sha1-w8yxbdqgsjFN4DHn5v7onlujRrw=",
      "dev": true
    }
  }
}
